// !$*UTF8*$!
{
	archiveVersion = 1;
	classes = {
	};
	objectVersion = 50;
	objects = {

/* Begin PBXBuildFile section */
		8B2BE9C22202D839003E9ECD /* DataModel.xcdatamodeld in Sources */ = {isa = PBXBuildFile; fileRef = 8B2BE9C02202D839003E9ECD /* DataModel.xcdatamodeld */; };
		8B2BE9C72202DA6E003E9ECD /* Location+CoreDataClass.swift in Sources */ = {isa = PBXBuildFile; fileRef = 8B2BE9C52202DA6E003E9ECD /* Location+CoreDataClass.swift */; };
		8B2BE9C82202DA6E003E9ECD /* Location+CoreDataProperties.swift in Sources */ = {isa = PBXBuildFile; fileRef = 8B2BE9C62202DA6E003E9ECD /* Location+CoreDataProperties.swift */; };
		8B5350BA2201B27D009E3746 /* LocationDetailsViewController.swift in Sources */ = {isa = PBXBuildFile; fileRef = 8B5350B92201B27D009E3746 /* LocationDetailsViewController.swift */; };
		8B5350BC2201C630009E3746 /* CategoryPickerViewController.swift in Sources */ = {isa = PBXBuildFile; fileRef = 8B5350BB2201C630009E3746 /* CategoryPickerViewController.swift */; };
		8B5350BE2201D53F009E3746 /* HudView.swift in Sources */ = {isa = PBXBuildFile; fileRef = 8B5350BD2201D53F009E3746 /* HudView.swift */; };
		8B5350C02201ECA1009E3746 /* Functions.swift in Sources */ = {isa = PBXBuildFile; fileRef = 8B5350BF2201ECA1009E3746 /* Functions.swift */; };
		8B6920782203378300F82F09 /* LocationsViewController.swift in Sources */ = {isa = PBXBuildFile; fileRef = 8B6920772203378300F82F09 /* LocationsViewController.swift */; };
		8B69207A220344EA00F82F09 /* LocationCell.swift in Sources */ = {isa = PBXBuildFile; fileRef = 8B692079220344EA00F82F09 /* LocationCell.swift */; };
		8B69207D2203878A00F82F09 /* MapKit.framework in Frameworks */ = {isa = PBXBuildFile; fileRef = 8B69207C2203878A00F82F09 /* MapKit.framework */; };
		8B69207F2203880800F82F09 /* MapViewController.swift in Sources */ = {isa = PBXBuildFile; fileRef = 8B69207E2203880800F82F09 /* MapViewController.swift */; };
		8B780999220870C300D8382E /* UIImage+Resize.swift in Sources */ = {isa = PBXBuildFile; fileRef = 8B780998220870C300D8382E /* UIImage+Resize.swift */; };
		8B78099B220884CD00D8382E /* String+AddText.swift in Sources */ = {isa = PBXBuildFile; fileRef = 8B78099A220884CD00D8382E /* String+AddText.swift */; };
		8B78099D2208900100D8382E /* MyTabBarController.swift in Sources */ = {isa = PBXBuildFile; fileRef = 8B78099C2208900100D8382E /* MyTabBarController.swift */; };
		8B78099F220890DD00D8382E /* MyImagePickerController.swift in Sources */ = {isa = PBXBuildFile; fileRef = 8B78099E220890DD00D8382E /* MyImagePickerController.swift */; };
		8B8AE4AC2200E46B004C21A3 /* AppDelegate.swift in Sources */ = {isa = PBXBuildFile; fileRef = 8B8AE4AB2200E46B004C21A3 /* AppDelegate.swift */; };
		8B8AE4AE2200E46B004C21A3 /* CurrentLocationViewController.swift in Sources */ = {isa = PBXBuildFile; fileRef = 8B8AE4AD2200E46B004C21A3 /* CurrentLocationViewController.swift */; };
		8B8AE4B32200E46B004C21A3 /* Main.storyboard in Resources */ = {isa = PBXBuildFile; fileRef = 8B8AE4B12200E46B004C21A3 /* Main.storyboard */; };
		8B8AE4B52200E46D004C21A3 /* Assets.xcassets in Resources */ = {isa = PBXBuildFile; fileRef = 8B8AE4B42200E46D004C21A3 /* Assets.xcassets */; };
		8B8AE4B82200E46D004C21A3 /* LaunchScreen.storyboard in Resources */ = {isa = PBXBuildFile; fileRef = 8B8AE4B62200E46D004C21A3 /* LaunchScreen.storyboard */; };
/* End PBXBuildFile section */

/* Begin PBXFileReference section */
		8B2BE9C12202D839003E9ECD /* DataModel.xcdatamodel */ = {isa = PBXFileReference; lastKnownFileType = wrapper.xcdatamodel; path = DataModel.xcdatamodel; sourceTree = "<group>"; };
		8B2BE9C52202DA6E003E9ECD /* Location+CoreDataClass.swift */ = {isa = PBXFileReference; lastKnownFileType = sourcecode.swift; path = "Location+CoreDataClass.swift"; sourceTree = "<group>"; };
		8B2BE9C62202DA6E003E9ECD /* Location+CoreDataProperties.swift */ = {isa = PBXFileReference; lastKnownFileType = sourcecode.swift; path = "Location+CoreDataProperties.swift"; sourceTree = "<group>"; };
		8B5350B92201B27D009E3746 /* LocationDetailsViewController.swift */ = {isa = PBXFileReference; lastKnownFileType = sourcecode.swift; path = LocationDetailsViewController.swift; sourceTree = "<group>"; };
		8B5350BB2201C630009E3746 /* CategoryPickerViewController.swift */ = {isa = PBXFileReference; lastKnownFileType = sourcecode.swift; path = CategoryPickerViewController.swift; sourceTree = "<group>"; };
		8B5350BD2201D53F009E3746 /* HudView.swift */ = {isa = PBXFileReference; lastKnownFileType = sourcecode.swift; path = HudView.swift; sourceTree = "<group>"; };
		8B5350BF2201ECA1009E3746 /* Functions.swift */ = {isa = PBXFileReference; lastKnownFileType = sourcecode.swift; path = Functions.swift; sourceTree = "<group>"; };
		8B6920772203378300F82F09 /* LocationsViewController.swift */ = {isa = PBXFileReference; lastKnownFileType = sourcecode.swift; path = LocationsViewController.swift; sourceTree = "<group>"; };
		8B692079220344EA00F82F09 /* LocationCell.swift */ = {isa = PBXFileReference; lastKnownFileType = sourcecode.swift; path = LocationCell.swift; sourceTree = "<group>"; };
		8B69207C2203878A00F82F09 /* MapKit.framework */ = {isa = PBXFileReference; lastKnownFileType = wrapper.framework; name = MapKit.framework; path = System/Library/Frameworks/MapKit.framework; sourceTree = SDKROOT; };
		8B69207E2203880800F82F09 /* MapViewController.swift */ = {isa = PBXFileReference; lastKnownFileType = sourcecode.swift; path = MapViewController.swift; sourceTree = "<group>"; };
		8B780998220870C300D8382E /* UIImage+Resize.swift */ = {isa = PBXFileReference; lastKnownFileType = sourcecode.swift; path = "UIImage+Resize.swift"; sourceTree = "<group>"; };
		8B78099A220884CD00D8382E /* String+AddText.swift */ = {isa = PBXFileReference; lastKnownFileType = sourcecode.swift; path = "String+AddText.swift"; sourceTree = "<group>"; };
		8B78099C2208900100D8382E /* MyTabBarController.swift */ = {isa = PBXFileReference; lastKnownFileType = sourcecode.swift; path = MyTabBarController.swift; sourceTree = "<group>"; };
		8B78099E220890DD00D8382E /* MyImagePickerController.swift */ = {isa = PBXFileReference; lastKnownFileType = sourcecode.swift; path = MyImagePickerController.swift; sourceTree = "<group>"; };
		8B8AE4A82200E46B004C21A3 /* MyLocations.app */ = {isa = PBXFileReference; explicitFileType = wrapper.application; includeInIndex = 0; path = MyLocations.app; sourceTree = BUILT_PRODUCTS_DIR; };
		8B8AE4AB2200E46B004C21A3 /* AppDelegate.swift */ = {isa = PBXFileReference; lastKnownFileType = sourcecode.swift; path = AppDelegate.swift; sourceTree = "<group>"; };
		8B8AE4AD2200E46B004C21A3 /* CurrentLocationViewController.swift */ = {isa = PBXFileReference; lastKnownFileType = sourcecode.swift; path = CurrentLocationViewController.swift; sourceTree = "<group>"; };
		8B8AE4B22200E46B004C21A3 /* Base */ = {isa = PBXFileReference; lastKnownFileType = file.storyboard; name = Base; path = Base.lproj/Main.storyboard; sourceTree = "<group>"; };
		8B8AE4B42200E46D004C21A3 /* Assets.xcassets */ = {isa = PBXFileReference; lastKnownFileType = folder.assetcatalog; path = Assets.xcassets; sourceTree = "<group>"; };
		8B8AE4B72200E46D004C21A3 /* Base */ = {isa = PBXFileReference; lastKnownFileType = file.storyboard; name = Base; path = Base.lproj/LaunchScreen.storyboard; sourceTree = "<group>"; };
		8B8AE4B92200E46D004C21A3 /* Info.plist */ = {isa = PBXFileReference; lastKnownFileType = text.plist.xml; path = Info.plist; sourceTree = "<group>"; };
/* End PBXFileReference section */

/* Begin PBXFrameworksBuildPhase section */
		8B8AE4A52200E46B004C21A3 /* Frameworks */ = {
			isa = PBXFrameworksBuildPhase;
			buildActionMask = 2147483647;
			files = (
				8B69207D2203878A00F82F09 /* MapKit.framework in Frameworks */,
			);
			runOnlyForDeploymentPostprocessing = 0;
		};
/* End PBXFrameworksBuildPhase section */

/* Begin PBXGroup section */
		8B69207B2203878A00F82F09 /* Frameworks */ = {
			isa = PBXGroup;
			children = (
				8B69207C2203878A00F82F09 /* MapKit.framework */,
			);
			name = Frameworks;
			sourceTree = "<group>";
		};
		8B8AE49F2200E46B004C21A3 = {
			isa = PBXGroup;
			children = (
				8B8AE4AA2200E46B004C21A3 /* MyLocations */,
				8B8AE4A92200E46B004C21A3 /* Products */,
				8B69207B2203878A00F82F09 /* Frameworks */,
			);
			sourceTree = "<group>";
		};
		8B8AE4A92200E46B004C21A3 /* Products */ = {
			isa = PBXGroup;
			children = (
				8B8AE4A82200E46B004C21A3 /* MyLocations.app */,
			);
			name = Products;
			sourceTree = "<group>";
		};
		8B8AE4AA2200E46B004C21A3 /* MyLocations */ = {
			isa = PBXGroup;
			children = (
				8B8AE4AB2200E46B004C21A3 /* AppDelegate.swift */,
				8B5350BB2201C630009E3746 /* CategoryPickerViewController.swift */,
				8B8AE4AD2200E46B004C21A3 /* CurrentLocationViewController.swift */,
				8B78099A220884CD00D8382E /* String+AddText.swift */,
				8B5350BF2201ECA1009E3746 /* Functions.swift */,
				8B5350BD2201D53F009E3746 /* HudView.swift */,
				8B8AE4B62200E46D004C21A3 /* LaunchScreen.storyboard */,
				8B692079220344EA00F82F09 /* LocationCell.swift */,
				8B780998220870C300D8382E /* UIImage+Resize.swift */,
				8B5350B92201B27D009E3746 /* LocationDetailsViewController.swift */,
				8B6920772203378300F82F09 /* LocationsViewController.swift */,
				8B8AE4B12200E46B004C21A3 /* Main.storyboard */,
				8B78099E220890DD00D8382E /* MyImagePickerController.swift */,
				8B78099C2208900100D8382E /* MyTabBarController.swift */,
				8B69207E2203880800F82F09 /* MapViewController.swift */,
				8B8AE4B92200E46D004C21A3 /* Info.plist */,
				8B2BE9C02202D839003E9ECD /* DataModel.xcdatamodeld */,
				8B2BE9C52202DA6E003E9ECD /* Location+CoreDataClass.swift */,
				8B2BE9C62202DA6E003E9ECD /* Location+CoreDataProperties.swift */,
				8B8AE4B42200E46D004C21A3 /* Assets.xcassets */,
			);
			path = MyLocations;
			sourceTree = "<group>";
		};
/* End PBXGroup section */

/* Begin PBXNativeTarget section */
		8B8AE4A72200E46B004C21A3 /* MyLocations */ = {
			isa = PBXNativeTarget;
			buildConfigurationList = 8B8AE4BC2200E46D004C21A3 /* Build configuration list for PBXNativeTarget "MyLocations" */;
			buildPhases = (
				8B8AE4A42200E46B004C21A3 /* Sources */,
				8B8AE4A52200E46B004C21A3 /* Frameworks */,
				8B8AE4A62200E46B004C21A3 /* Resources */,
			);
			buildRules = (
			);
			dependencies = (
			);
			name = MyLocations;
			productName = MyLocations;
			productReference = 8B8AE4A82200E46B004C21A3 /* MyLocations.app */;
			productType = "com.apple.product-type.application";
		};
/* End PBXNativeTarget section */

/* Begin PBXProject section */
		8B8AE4A02200E46B004C21A3 /* Project object */ = {
			isa = PBXProject;
			attributes = {
				LastSwiftUpdateCheck = 1010;
				LastUpgradeCheck = 1010;
				ORGANIZATIONNAME = "Federico Pugnaloni";
				TargetAttributes = {
					8B8AE4A72200E46B004C21A3 = {
						CreatedOnToolsVersion = 10.1;
						SystemCapabilities = {
							com.apple.Maps.iOS = {
								enabled = 1;
							};
						};
					};
				};
			};
			buildConfigurationList = 8B8AE4A32200E46B004C21A3 /* Build configuration list for PBXProject "MyLocations" */;
			compatibilityVersion = "Xcode 9.3";
			developmentRegion = en;
			hasScannedForEncodings = 0;
			knownRegions = (
				en,
				Base,
			);
			mainGroup = 8B8AE49F2200E46B004C21A3;
			productRefGroup = 8B8AE4A92200E46B004C21A3 /* Products */;
			projectDirPath = "";
			projectRoot = "";
			targets = (
				8B8AE4A72200E46B004C21A3 /* MyLocations */,
			);
		};
/* End PBXProject section */

/* Begin PBXResourcesBuildPhase section */
		8B8AE4A62200E46B004C21A3 /* Resources */ = {
			isa = PBXResourcesBuildPhase;
			buildActionMask = 2147483647;
			files = (
				8B8AE4B82200E46D004C21A3 /* LaunchScreen.storyboard in Resources */,
				8B8AE4B52200E46D004C21A3 /* Assets.xcassets in Resources */,
				8B8AE4B32200E46B004C21A3 /* Main.storyboard in Resources */,
			);
			runOnlyForDeploymentPostprocessing = 0;
		};
/* End PBXResourcesBuildPhase section */

/* Begin PBXSourcesBuildPhase section */
		8B8AE4A42200E46B004C21A3 /* Sources */ = {
			isa = PBXSourcesBuildPhase;
			buildActionMask = 2147483647;
			files = (
				8B5350BA2201B27D009E3746 /* LocationDetailsViewController.swift in Sources */,
				8B2BE9C22202D839003E9ECD /* DataModel.xcdatamodeld in Sources */,
				8B5350BE2201D53F009E3746 /* HudView.swift in Sources */,
				8B78099F220890DD00D8382E /* MyImagePickerController.swift in Sources */,
				8B6920782203378300F82F09 /* LocationsViewController.swift in Sources */,
				8B2BE9C82202DA6E003E9ECD /* Location+CoreDataProperties.swift in Sources */,
				8B69207F2203880800F82F09 /* MapViewController.swift in Sources */,
				8B69207A220344EA00F82F09 /* LocationCell.swift in Sources */,
				8B780999220870C300D8382E /* UIImage+Resize.swift in Sources */,
				8B5350C02201ECA1009E3746 /* Functions.swift in Sources */,
				8B8AE4AC2200E46B004C21A3 /* AppDelegate.swift in Sources */,
				8B2BE9C72202DA6E003E9ECD /* Location+CoreDataClass.swift in Sources */,
				8B78099B220884CD00D8382E /* String+AddText.swift in Sources */,
				8B5350BC2201C630009E3746 /* CategoryPickerViewController.swift in Sources */,
				8B8AE4AE2200E46B004C21A3 /* CurrentLocationViewController.swift in Sources */,
				8B78099D2208900100D8382E /* MyTabBarController.swift in Sources */,
			);
			runOnlyForDeploymentPostprocessing = 0;
		};
/* End PBXSourcesBuildPhase section */

/* Begin PBXVariantGroup section */
		8B8AE4B12200E46B004C21A3 /* Main.storyboard */ = {
			isa = PBXVariantGroup;
			children = (
				8B8AE4B22200E46B004C21A3 /* Base */,
			);
			name = Main.storyboard;
			sourceTree = "<group>";
		};
		8B8AE4B62200E46D004C21A3 /* LaunchScreen.storyboard */ = {
			isa = PBXVariantGroup;
			children = (
				8B8AE4B72200E46D004C21A3 /* Base */,
			);
			name = LaunchScreen.storyboard;
			sourceTree = "<group>";
		};
/* End PBXVariantGroup section */

/* Begin XCBuildConfiguration section */
		8B8AE4BA2200E46D004C21A3 /* Debug */ = {
			isa = XCBuildConfiguration;
			buildSettings = {
				ALWAYS_SEARCH_USER_PATHS = NO;
				CLANG_ANALYZER_NONNULL = YES;
				CLANG_ANALYZER_NUMBER_OBJECT_CONVERSION = YES_AGGRESSIVE;
				CLANG_CXX_LANGUAGE_STANDARD = "gnu++14";
				CLANG_CXX_LIBRARY = "libc++";
				CLANG_ENABLE_MODULES = YES;
				CLANG_ENABLE_OBJC_ARC = YES;
				CLANG_ENABLE_OBJC_WEAK = YES;
				CLANG_WARN_BLOCK_CAPTURE_AUTORELEASING = YES;
				CLANG_WARN_BOOL_CONVERSION = YES;
				CLANG_WARN_COMMA = YES;
				CLANG_WARN_CONSTANT_CONVERSION = YES;
				CLANG_WARN_DEPRECATED_OBJC_IMPLEMENTATIONS = YES;
				CLANG_WARN_DIRECT_OBJC_ISA_USAGE = YES_ERROR;
				CLANG_WARN_DOCUMENTATION_COMMENTS = YES;
				CLANG_WARN_EMPTY_BODY = YES;
				CLANG_WARN_ENUM_CONVERSION = YES;
				CLANG_WARN_INFINITE_RECURSION = YES;
				CLANG_WARN_INT_CONVERSION = YES;
				CLANG_WARN_NON_LITERAL_NULL_CONVERSION = YES;
				CLANG_WARN_OBJC_IMPLICIT_RETAIN_SELF = YES;
				CLANG_WARN_OBJC_LITERAL_CONVERSION = YES;
				CLANG_WARN_OBJC_ROOT_CLASS = YES_ERROR;
				CLANG_WARN_RANGE_LOOP_ANALYSIS = YES;
				CLANG_WARN_STRICT_PROTOTYPES = YES;
				CLANG_WARN_SUSPICIOUS_MOVE = YES;
				CLANG_WARN_UNGUARDED_AVAILABILITY = YES_AGGRESSIVE;
				CLANG_WARN_UNREACHABLE_CODE = YES;
				CLANG_WARN__DUPLICATE_METHOD_MATCH = YES;
				CODE_SIGN_IDENTITY = "iPhone Developer";
				COPY_PHASE_STRIP = NO;
				DEBUG_INFORMATION_FORMAT = dwarf;
				ENABLE_STRICT_OBJC_MSGSEND = YES;
				ENABLE_TESTABILITY = YES;
				GCC_C_LANGUAGE_STANDARD = gnu11;
				GCC_DYNAMIC_NO_PIC = NO;
				GCC_NO_COMMON_BLOCKS = YES;
				GCC_OPTIMIZATION_LEVEL = 0;
				GCC_PREPROCESSOR_DEFINITIONS = (
					"DEBUG=1",
					"$(inherited)",
				);
				GCC_WARN_64_TO_32_BIT_CONVERSION = YES;
				GCC_WARN_ABOUT_RETURN_TYPE = YES_ERROR;
				GCC_WARN_UNDECLARED_SELECTOR = YES;
				GCC_WARN_UNINITIALIZED_AUTOS = YES_AGGRESSIVE;
				GCC_WARN_UNUSED_FUNCTION = YES;
				GCC_WARN_UNUSED_VARIABLE = YES;
				IPHONEOS_DEPLOYMENT_TARGET = 12.1;
				MTL_ENABLE_DEBUG_INFO = INCLUDE_SOURCE;
				MTL_FAST_MATH = YES;
				ONLY_ACTIVE_ARCH = YES;
				SDKROOT = iphoneos;
				SWIFT_ACTIVE_COMPILATION_CONDITIONS = DEBUG;
				SWIFT_OPTIMIZATION_LEVEL = "-Onone";
			};
			name = Debug;
		};
		8B8AE4BB2200E46D004C21A3 /* Release */ = {
			isa = XCBuildConfiguration;
			buildSettings = {
				ALWAYS_SEARCH_USER_PATHS = NO;
				CLANG_ANALYZER_NONNULL = YES;
				CLANG_ANALYZER_NUMBER_OBJECT_CONVERSION = YES_AGGRESSIVE;
				CLANG_CXX_LANGUAGE_STANDARD = "gnu++14";
				CLANG_CXX_LIBRARY = "libc++";
				CLANG_ENABLE_MODULES = YES;
				CLANG_ENABLE_OBJC_ARC = YES;
				CLANG_ENABLE_OBJC_WEAK = YES;
				CLANG_WARN_BLOCK_CAPTURE_AUTORELEASING = YES;
				CLANG_WARN_BOOL_CONVERSION = YES;
				CLANG_WARN_COMMA = YES;
				CLANG_WARN_CONSTANT_CONVERSION = YES;
				CLANG_WARN_DEPRECATED_OBJC_IMPLEMENTATIONS = YES;
				CLANG_WARN_DIRECT_OBJC_ISA_USAGE = YES_ERROR;
				CLANG_WARN_DOCUMENTATION_COMMENTS = YES;
				CLANG_WARN_EMPTY_BODY = YES;
				CLANG_WARN_ENUM_CONVERSION = YES;
				CLANG_WARN_INFINITE_RECURSION = YES;
				CLANG_WARN_INT_CONVERSION = YES;
				CLANG_WARN_NON_LITERAL_NULL_CONVERSION = YES;
				CLANG_WARN_OBJC_IMPLICIT_RETAIN_SELF = YES;
				CLANG_WARN_OBJC_LITERAL_CONVERSION = YES;
				CLANG_WARN_OBJC_ROOT_CLASS = YES_ERROR;
				CLANG_WARN_RANGE_LOOP_ANALYSIS = YES;
				CLANG_WARN_STRICT_PROTOTYPES = YES;
				CLANG_WARN_SUSPICIOUS_MOVE = YES;
				CLANG_WARN_UNGUARDED_AVAILABILITY = YES_AGGRESSIVE;
				CLANG_WARN_UNREACHABLE_CODE = YES;
				CLANG_WARN__DUPLICATE_METHOD_MATCH = YES;
				CODE_SIGN_IDENTITY = "iPhone Developer";
				COPY_PHASE_STRIP = NO;
				DEBUG_INFORMATION_FORMAT = "dwarf-with-dsym";
				ENABLE_NS_ASSERTIONS = NO;
				ENABLE_STRICT_OBJC_MSGSEND = YES;
				GCC_C_LANGUAGE_STANDARD = gnu11;
				GCC_NO_COMMON_BLOCKS = YES;
				GCC_WARN_64_TO_32_BIT_CONVERSION = YES;
				GCC_WARN_ABOUT_RETURN_TYPE = YES_ERROR;
				GCC_WARN_UNDECLARED_SELECTOR = YES;
				GCC_WARN_UNINITIALIZED_AUTOS = YES_AGGRESSIVE;
				GCC_WARN_UNUSED_FUNCTION = YES;
				GCC_WARN_UNUSED_VARIABLE = YES;
				IPHONEOS_DEPLOYMENT_TARGET = 12.1;
				MTL_ENABLE_DEBUG_INFO = NO;
				MTL_FAST_MATH = YES;
				SDKROOT = iphoneos;
				SWIFT_COMPILATION_MODE = wholemodule;
				SWIFT_OPTIMIZATION_LEVEL = "-O";
				VALIDATE_PRODUCT = YES;
			};
			name = Release;
		};
		8B8AE4BD2200E46D004C21A3 /* Debug */ = {
			isa = XCBuildConfiguration;
			buildSettings = {
				ASSETCATALOG_COMPILER_APPICON_NAME = AppIcon;
				CODE_SIGN_STYLE = Automatic;
				DEVELOPMENT_TEAM = LZZRFENMP5;
				INFOPLIST_FILE = MyLocations/Info.plist;
				LD_RUNPATH_SEARCH_PATHS = (
					"$(inherited)",
					"@executable_path/Frameworks",
				);
				PRODUCT_BUNDLE_IDENTIFIER = com.lolatecnologica.MyLocations;
				PRODUCT_NAME = "$(TARGET_NAME)";
				SWIFT_VERSION = 4.2;
				TARGETED_DEVICE_FAMILY = "1,2";
			};
			name = Debug;
		};
		8B8AE4BE2200E46D004C21A3 /* Release */ = {
			isa = XCBuildConfiguration;
			buildSettings = {
				ASSETCATALOG_COMPILER_APPICON_NAME = AppIcon;
				CODE_SIGN_STYLE = Automatic;
				DEVELOPMENT_TEAM = LZZRFENMP5;
				INFOPLIST_FILE = MyLocations/Info.plist;
				LD_RUNPATH_SEARCH_PATHS = (
					"$(inherited)",
					"@executable_path/Frameworks",
				);
				PRODUCT_BUNDLE_IDENTIFIER = com.lolatecnologica.MyLocations;
				PRODUCT_NAME = "$(TARGET_NAME)";
				SWIFT_VERSION = 4.2;
				TARGETED_DEVICE_FAMILY = "1,2";
			};
			name = Release;
		};
/* End XCBuildConfiguration section */

/* Begin XCConfigurationList section */
		8B8AE4A32200E46B004C21A3 /* Build configuration list for PBXProject "MyLocations" */ = {
			isa = XCConfigurationList;
			buildConfigurations = (
				8B8AE4BA2200E46D004C21A3 /* Debug */,
				8B8AE4BB2200E46D004C21A3 /* Release */,
			);
			defaultConfigurationIsVisible = 0;
			defaultConfigurationName = Release;
		};
		8B8AE4BC2200E46D004C21A3 /* Build configuration list for PBXNativeTarget "MyLocations" */ = {
			isa = XCConfigurationList;
			buildConfigurations = (
				8B8AE4BD2200E46D004C21A3 /* Debug */,
				8B8AE4BE2200E46D004C21A3 /* Release */,
			);
			defaultConfigurationIsVisible = 0;
			defaultConfigurationName = Release;
		};
/* End XCConfigurationList section */

/* Begin XCVersionGroup section */
		8B2BE9C02202D839003E9ECD /* DataModel.xcdatamodeld */ = {
			isa = XCVersionGroup;
			children = (
				8B2BE9C12202D839003E9ECD /* DataModel.xcdatamodel */,
			);
			currentVersion = 8B2BE9C12202D839003E9ECD /* DataModel.xcdatamodel */;
			path = DataModel.xcdatamodeld;
			sourceTree = "<group>";
			versionGroupType = wrapper.xcdatamodel;
		};
/* End XCVersionGroup section */
	};
	rootObject = 8B8AE4A02200E46B004C21A3 /* Project object */;
}
